{
  "name": "google-authenticator-nodejs",
  "version": "1.0.0",
  "lockfileVersion": 1,
  "requires": true,
  "dependencies": {
    "base32-decode": {
      "version": "1.0.0",
      "resolved": "https://registry.npmjs.org/base32-decode/-/base32-decode-1.0.0.tgz",
      "integrity": "sha512-KNWUX/R7wKenwE/G/qFMzGScOgVntOmbE27vvc6GrniDGYb6a5+qWcuoXl8WIOQL7q0TpK7nZDm1Y04Yi3Yn5g=="
    },
    "base32-encode": {
      "version": "1.1.0",
      "resolved": "https://registry.npmjs.org/base32-encode/-/base32-encode-1.1.0.tgz",
      "integrity": "sha512-fQWhpkWtaOPr+wvXWYDu1AfRbtIIzWDt3yDDNXLENWPwFyyxDJfVaJoOc1ks1TQckogPiHmb+0iZLQFPkZw8kg=="
    }
  }
}
